
Microsoft Visual Studio Solution File, Format Version 12.00
# Visual Studio 2012
Project("{8BC9CEB8-8B4A-11D0-8D11-00A0C91BC942}") = "CPSC259_Lab1_Takehome", "CPSC259_Lab1_Takehome\CPSC259_Lab1_Takehome.vcxproj", "{DEE5BAC6-6790-4F92-B15E-A33BF77E741B}"
EndProject
Global
	GlobalSection(SolutionConfigurationPlatforms) = preSolution
		Debug|Win32 = Debug|Win32
		Release|Win32 = Release|Win32
	EndGlobalSection
	GlobalSection(ProjectConfigurationPlatforms) = postSolution
		{DEE5BAC6-6790-4F92-B15E-A33BF77E741B}.Debug|Win32.ActiveCfg = Debug|Win32
		{DEE5BAC6-6790-4F92-B15E-A33BF77E741B}.Debug|Win32.Build.0 = Debug|Win32
		{DEE5BAC6-6790-4F92-B15E-A33BF77E741B}.Release|Win32.ActiveCfg = Release|Win32
		{DEE5BAC6-6790-4F92-B15E-A33BF77E741B}.Release|Win32.Build.0 = Release|Win32
	EndGlobalSection
	GlobalSection(SolutionProperties) = preSolution
		HideSolutionNode = FALSE
	EndGlobalSection
EndGlobal
